{
  "nodes": {
    "go-wallet-sdk": {
      "flake": false,
      "locked": {
        "lastModified": 1757507797,
        "narHash": "sha256-I67D+GypL7LuNuiXqk6TZjc4tTLb4NGRW40C51D+Yhc=",
        "owner": "status-im",
        "repo": "go-wallet-sdk",
        "rev": "de483fec457ebec76d4f6ad09f1104f0839ce47d",
        "type": "github"
      },
      "original": {
        "owner": "status-im",
        "repo": "go-wallet-sdk",
        "rev": "de483fec457ebec76d4f6ad09f1104f0839ce47d",
        "type": "github"
      }
    },
    "logos-cpp-sdk": {
      "inputs": {
        "nixpkgs": "nixpkgs"
      },
      "locked": {
        "lastModified": 1761230734,
        "narHash": "sha256-CMRUwXH7pJZ1OI6bd/TDDDXKqQ1tQZHQEOOwK8TgYHI=",
        "owner": "logos-co",
        "repo": "logos-cpp-sdk",
        "rev": "4b143922c190df00bb3835441c9f0075cb28283b",
        "type": "github"
      },
      "original": {
        "owner": "logos-co",
        "repo": "logos-cpp-sdk",
        "type": "github"
      }
    },
    "logos-cpp-sdk_2": {
      "inputs": {
        "nixpkgs": "nixpkgs_2"
      },
      "locked": {
        "lastModified": 1761230734,
        "narHash": "sha256-CMRUwXH7pJZ1OI6bd/TDDDXKqQ1tQZHQEOOwK8TgYHI=",
        "owner": "logos-co",
        "repo": "logos-cpp-sdk",
        "rev": "4b143922c190df00bb3835441c9f0075cb28283b",
        "type": "github"
      },
      "original": {
        "owner": "logos-co",
        "repo": "logos-cpp-sdk",
        "type": "github"
      }
    },
    "logos-liblogos": {
      "inputs": {
        "logos-cpp-sdk": "logos-cpp-sdk_2",
        "nixpkgs": [
          "logos-liblogos",
          "logos-cpp-sdk",
          "nixpkgs"
        ]
      },
      "locked": {
        "lastModified": 1761845775,
        "narHash": "sha256-ulK8xq05ejK6qIgZ7WtWb/MJt2rk5BKfDA2z7mM3wq8=",
        "owner": "logos-co",
        "repo": "logos-liblogos",
        "rev": "a92c2c1268bc70764c8f73c7bce07d21024f5af9",
        "type": "github"
      },
      "original": {
        "owner": "logos-co",
        "repo": "logos-liblogos",
        "type": "github"
      }
    },
    "nixpkgs": {
      "locked": {
        "lastModified": 1759036355,
        "narHash": "sha256-0m27AKv6ka+q270dw48KflE0LwQYrO7Fm4/2//KCVWg=",
        "owner": "NixOS",
        "repo": "nixpkgs",
        "rev": "e9f00bd893984bc8ce46c895c3bf7cac95331127",
        "type": "github"
      },
      "original": {
        "owner": "NixOS",
        "ref": "nixos-unstable",
        "repo": "nixpkgs",
        "type": "github"
      }
    },
    "nixpkgs_2": {
      "locked": {
        "lastModified": 1759036355,
        "narHash": "sha256-0m27AKv6ka+q270dw48KflE0LwQYrO7Fm4/2//KCVWg=",
        "owner": "NixOS",
        "repo": "nixpkgs",
        "rev": "e9f00bd893984bc8ce46c895c3bf7cac95331127",
        "type": "github"
      },
      "original": {
        "owner": "NixOS",
        "ref": "nixos-unstable",
        "repo": "nixpkgs",
        "type": "github"
      }
    },
    "root": {
      "inputs": {
        "go-wallet-sdk": "go-wallet-sdk",
        "logos-cpp-sdk": "logos-cpp-sdk",
        "logos-liblogos": "logos-liblogos",
        "nixpkgs": [
          "logos-liblogos",
          "nixpkgs"
        ]
      }
    }
  },
  "root": "root",
  "version": 7
}
