{
  "nodes": {
    "go-wallet-sdk": {
      "flake": false,
      "locked": {
        "lastModified": 1764872590,
        "narHash": "sha256-GQ5p/B+CGHho8wA2YdeZaE5n1f6VIj3gZEwo4Ep7PKY=",
        "owner": "status-im",
        "repo": "go-wallet-sdk",
        "rev": "7cc269bdb7c76d954de25201349bdd17975d44b6",
        "type": "github"
      },
      "original": {
        "owner": "status-im",
        "repo": "go-wallet-sdk",
        "rev": "7cc269bdb7c76d954de25201349bdd17975d44b6",
        "type": "github"
      }
    },
    "logos-cpp-sdk": {
      "inputs": {
        "nixpkgs": "nixpkgs"
      },
      "locked": {
        "lastModified": 1764699992,
        "narHash": "sha256-nCmK9C9F31cHvy6lWKR5WGl99aJbS3kIsROAoZ4OrwI=",
        "owner": "logos-co",
        "repo": "logos-cpp-sdk",
        "rev": "5d0bbd0d1e00aad0532ffa7c8bf2c80f460a4f6d",
        "type": "github"
      },
      "original": {
        "owner": "logos-co",
        "repo": "logos-cpp-sdk",
        "type": "github"
      }
    },
    "logos-cpp-sdk_2": {
      "inputs": {
        "nixpkgs": "nixpkgs_2"
      },
      "locked": {
        "lastModified": 1764699992,
        "narHash": "sha256-nCmK9C9F31cHvy6lWKR5WGl99aJbS3kIsROAoZ4OrwI=",
        "owner": "logos-co",
        "repo": "logos-cpp-sdk",
        "rev": "5d0bbd0d1e00aad0532ffa7c8bf2c80f460a4f6d",
        "type": "github"
      },
      "original": {
        "owner": "logos-co",
        "repo": "logos-cpp-sdk",
        "type": "github"
      }
    },
    "logos-liblogos": {
      "inputs": {
        "logos-cpp-sdk": "logos-cpp-sdk_2",
        "nixpkgs": [
          "logos-liblogos",
          "logos-cpp-sdk",
          "nixpkgs"
        ]
      },
      "locked": {
        "lastModified": 1764788130,
        "narHash": "sha256-ieu55pelIMUO/m7fLXUS3JT6sNBBHva0lNc1GRH2hb0=",
        "owner": "logos-co",
        "repo": "logos-liblogos",
        "rev": "3046aa6ac4392a705b2890adec405d7c9d8d4178",
        "type": "github"
      },
      "original": {
        "owner": "logos-co",
        "repo": "logos-liblogos",
        "type": "github"
      }
    },
    "nixpkgs": {
      "locked": {
        "lastModified": 1759036355,
        "narHash": "sha256-0m27AKv6ka+q270dw48KflE0LwQYrO7Fm4/2//KCVWg=",
        "owner": "NixOS",
        "repo": "nixpkgs",
        "rev": "e9f00bd893984bc8ce46c895c3bf7cac95331127",
        "type": "github"
      },
      "original": {
        "owner": "NixOS",
        "ref": "nixos-unstable",
        "repo": "nixpkgs",
        "type": "github"
      }
    },
    "nixpkgs_2": {
      "locked": {
        "lastModified": 1759036355,
        "narHash": "sha256-0m27AKv6ka+q270dw48KflE0LwQYrO7Fm4/2//KCVWg=",
        "owner": "NixOS",
        "repo": "nixpkgs",
        "rev": "e9f00bd893984bc8ce46c895c3bf7cac95331127",
        "type": "github"
      },
      "original": {
        "owner": "NixOS",
        "ref": "nixos-unstable",
        "repo": "nixpkgs",
        "type": "github"
      }
    },
    "root": {
      "inputs": {
        "go-wallet-sdk": "go-wallet-sdk",
        "logos-cpp-sdk": "logos-cpp-sdk",
        "logos-liblogos": "logos-liblogos",
        "nixpkgs": [
          "logos-liblogos",
          "nixpkgs"
        ]
      }
    }
  },
  "root": "root",
  "version": 7
}
